
Microsoft Visual Studio Solution File, Format Version 12.00
# Visual Studio 15
VisualStudioVersion = 15.0.28307.421
MinimumVisualStudioVersion = 10.0.40219.1
Project("{FAE04EC0-301F-11D3-BF4B-00C04F79EFBC}") = "TradeApp", "TradeApp\TradeApp.csproj", "{EFB4F2D6-8805-4715-89A8-C10DC1A1D56F}"
EndProject
Global
	GlobalSection(SolutionConfigurationPlatforms) = preSolution
		Debug|Any CPU = Debug|Any CPU
		Release|Any CPU = Release|Any CPU
	EndGlobalSection
	GlobalSection(ProjectConfigurationPlatforms) = postSolution
		{EFB4F2D6-8805-4715-89A8-C10DC1A1D56F}.Debug|Any CPU.ActiveCfg = Debug|Any CPU
		{EFB4F2D6-8805-4715-89A8-C10DC1A1D56F}.Debug|Any CPU.Build.0 = Debug|Any CPU
		{EFB4F2D6-8805-4715-89A8-C10DC1A1D56F}.Release|Any CPU.ActiveCfg = Release|Any CPU
		{EFB4F2D6-8805-4715-89A8-C10DC1A1D56F}.Release|Any CPU.Build.0 = Release|Any CPU
	EndGlobalSection
	GlobalSection(SolutionProperties) = preSolution
		HideSolutionNode = FALSE
	EndGlobalSection
	GlobalSection(ExtensibilityGlobals) = postSolution
		SolutionGuid = {2A67EFE2-C370-4F47-8DF0-4276797E5549}
	EndGlobalSection
EndGlobal
